
Microsoft Visual Studio Solution File, Format Version 12.00
# Visual Studio Version 16
VisualStudioVersion = 16.0.30114.105
MinimumVisualStudioVersion = 10.0.40219.1
Project("{FAE04EC0-301F-11D3-BF4B-00C04F79EFBC}") = "Core", "src\Core\Core.csproj", "{EA5981E8-1EED-4488-BFAE-FF5E3138D08A}"
EndProject
Project("{FAE04EC0-301F-11D3-BF4B-00C04F79EFBC}") = "Core.Test", "src\Core.Test\Core.Test.csproj", "{7488B194-699A-4C78-9C72-E566DD1E40F0}"
EndProject
Project("{FAE04EC0-301F-11D3-BF4B-00C04F79EFBC}") = "App", "src\App\App.csproj", "{D9E19F97-247E-46FE-9895-5907AC2C5598}"
EndProject
Global
	GlobalSection(SolutionConfigurationPlatforms) = preSolution
		Debug|Any CPU = Debug|Any CPU
		Debug|x64 = Debug|x64
		Debug|x86 = Debug|x86
		Release|Any CPU = Release|Any CPU
		Release|x64 = Release|x64
		Release|x86 = Release|x86
	EndGlobalSection
	GlobalSection(SolutionProperties) = preSolution
		HideSolutionNode = FALSE
	EndGlobalSection
	GlobalSection(ProjectConfigurationPlatforms) = postSolution
		{EA5981E8-1EED-4488-BFAE-FF5E3138D08A}.Debug|Any CPU.ActiveCfg = Debug|Any CPU
		{EA5981E8-1EED-4488-BFAE-FF5E3138D08A}.Debug|Any CPU.Build.0 = Debug|Any CPU
		{EA5981E8-1EED-4488-BFAE-FF5E3138D08A}.Debug|x64.ActiveCfg = Debug|Any CPU
		{EA5981E8-1EED-4488-BFAE-FF5E3138D08A}.Debug|x64.Build.0 = Debug|Any CPU
		{EA5981E8-1EED-4488-BFAE-FF5E3138D08A}.Debug|x86.ActiveCfg = Debug|Any CPU
		{EA5981E8-1EED-4488-BFAE-FF5E3138D08A}.Debug|x86.Build.0 = Debug|Any CPU
		{EA5981E8-1EED-4488-BFAE-FF5E3138D08A}.Release|Any CPU.ActiveCfg = Release|Any CPU
		{EA5981E8-1EED-4488-BFAE-FF5E3138D08A}.Release|Any CPU.Build.0 = Release|Any CPU
		{EA5981E8-1EED-4488-BFAE-FF5E3138D08A}.Release|x64.ActiveCfg = Release|Any CPU
		{EA5981E8-1EED-4488-BFAE-FF5E3138D08A}.Release|x64.Build.0 = Release|Any CPU
		{EA5981E8-1EED-4488-BFAE-FF5E3138D08A}.Release|x86.ActiveCfg = Release|Any CPU
		{EA5981E8-1EED-4488-BFAE-FF5E3138D08A}.Release|x86.Build.0 = Release|Any CPU
		{7488B194-699A-4C78-9C72-E566DD1E40F0}.Debug|Any CPU.ActiveCfg = Debug|Any CPU
		{7488B194-699A-4C78-9C72-E566DD1E40F0}.Debug|Any CPU.Build.0 = Debug|Any CPU
		{7488B194-699A-4C78-9C72-E566DD1E40F0}.Debug|x64.ActiveCfg = Debug|Any CPU
		{7488B194-699A-4C78-9C72-E566DD1E40F0}.Debug|x64.Build.0 = Debug|Any CPU
		{7488B194-699A-4C78-9C72-E566DD1E40F0}.Debug|x86.ActiveCfg = Debug|Any CPU
		{7488B194-699A-4C78-9C72-E566DD1E40F0}.Debug|x86.Build.0 = Debug|Any CPU
		{7488B194-699A-4C78-9C72-E566DD1E40F0}.Release|Any CPU.ActiveCfg = Release|Any CPU
		{7488B194-699A-4C78-9C72-E566DD1E40F0}.Release|Any CPU.Build.0 = Release|Any CPU
		{7488B194-699A-4C78-9C72-E566DD1E40F0}.Release|x64.ActiveCfg = Release|Any CPU
		{7488B194-699A-4C78-9C72-E566DD1E40F0}.Release|x64.Build.0 = Release|Any CPU
		{7488B194-699A-4C78-9C72-E566DD1E40F0}.Release|x86.ActiveCfg = Release|Any CPU
		{7488B194-699A-4C78-9C72-E566DD1E40F0}.Release|x86.Build.0 = Release|Any CPU
		{D9E19F97-247E-46FE-9895-5907AC2C5598}.Debug|Any CPU.ActiveCfg = Debug|Any CPU
		{D9E19F97-247E-46FE-9895-5907AC2C5598}.Debug|Any CPU.Build.0 = Debug|Any CPU
		{D9E19F97-247E-46FE-9895-5907AC2C5598}.Debug|x64.ActiveCfg = Debug|Any CPU
		{D9E19F97-247E-46FE-9895-5907AC2C5598}.Debug|x64.Build.0 = Debug|Any CPU
		{D9E19F97-247E-46FE-9895-5907AC2C5598}.Debug|x86.ActiveCfg = Debug|Any CPU
		{D9E19F97-247E-46FE-9895-5907AC2C5598}.Debug|x86.Build.0 = Debug|Any CPU
		{D9E19F97-247E-46FE-9895-5907AC2C5598}.Release|Any CPU.ActiveCfg = Release|Any CPU
		{D9E19F97-247E-46FE-9895-5907AC2C5598}.Release|Any CPU.Build.0 = Release|Any CPU
		{D9E19F97-247E-46FE-9895-5907AC2C5598}.Release|x64.ActiveCfg = Release|Any CPU
		{D9E19F97-247E-46FE-9895-5907AC2C5598}.Release|x64.Build.0 = Release|Any CPU
		{D9E19F97-247E-46FE-9895-5907AC2C5598}.Release|x86.ActiveCfg = Release|Any CPU
		{D9E19F97-247E-46FE-9895-5907AC2C5598}.Release|x86.Build.0 = Release|Any CPU
	EndGlobalSection
EndGlobal
