
Microsoft Visual Studio Solution File, Format Version 12.00
# Visual Studio Version 16
VisualStudioVersion = 16.0.30114.105
MinimumVisualStudioVersion = 10.0.40219.1
Project("{FAE04EC0-301F-11D3-BF4B-00C04F79EFBC}") = "Core", "src\Core\Core.csproj", "{EA5981E8-1EED-4488-BFAE-FF5E3138D08A}"
EndProject
Project("{FAE04EC0-301F-11D3-BF4B-00C04F79EFBC}") = "Core.Test", "src\Core.Test\Core.Test.csproj", "{7488B194-699A-4C78-9C72-E566DD1E40F0}"
EndProject
Project("{FAE04EC0-301F-11D3-BF4B-00C04F79EFBC}") = "App", "src\App\App.csproj", "{D9E19F97-247E-46FE-9895-5907AC2C5598}"
EndProject
Project("{FAE04EC0-301F-11D3-BF4B-00C04F79EFBC}") = "App.Test", "src\App.Test\App.Test.csproj", "{5B7B46A3-E1D0-463F-A6D8-101782EFE8C5}"
EndProject
Project("{2150E333-8FDC-42A3-9474-1A3956D46DE8}") = "test", "test", "{DF0C65AE-2C78-4472-B98B-EA7B0CF70636}"
EndProject
Project("{2150E333-8FDC-42A3-9474-1A3956D46DE8}") = "src", "src", "{E03874EE-CCAF-4457-AE80-9A9D700CC24A}"
EndProject
Global
	GlobalSection(SolutionConfigurationPlatforms) = preSolution
		Debug|Any CPU = Debug|Any CPU
		Debug|x64 = Debug|x64
		Debug|x86 = Debug|x86
		Release|Any CPU = Release|Any CPU
		Release|x64 = Release|x64
		Release|x86 = Release|x86
	EndGlobalSection
	GlobalSection(SolutionProperties) = preSolution
		HideSolutionNode = FALSE
	EndGlobalSection
	GlobalSection(ProjectConfigurationPlatforms) = postSolution
		{EA5981E8-1EED-4488-BFAE-FF5E3138D08A}.Debug|Any CPU.ActiveCfg = Debug|Any CPU
		{EA5981E8-1EED-4488-BFAE-FF5E3138D08A}.Debug|Any CPU.Build.0 = Debug|Any CPU
		{EA5981E8-1EED-4488-BFAE-FF5E3138D08A}.Debug|x64.ActiveCfg = Debug|Any CPU
		{EA5981E8-1EED-4488-BFAE-FF5E3138D08A}.Debug|x64.Build.0 = Debug|Any CPU
		{EA5981E8-1EED-4488-BFAE-FF5E3138D08A}.Debug|x86.ActiveCfg = Debug|Any CPU
		{EA5981E8-1EED-4488-BFAE-FF5E3138D08A}.Debug|x86.Build.0 = Debug|Any CPU
		{EA5981E8-1EED-4488-BFAE-FF5E3138D08A}.Release|Any CPU.ActiveCfg = Release|Any CPU
		{EA5981E8-1EED-4488-BFAE-FF5E3138D08A}.Release|Any CPU.Build.0 = Release|Any CPU
		{EA5981E8-1EED-4488-BFAE-FF5E3138D08A}.Release|x64.ActiveCfg = Release|Any CPU
		{EA5981E8-1EED-4488-BFAE-FF5E3138D08A}.Release|x64.Build.0 = Release|Any CPU
		{EA5981E8-1EED-4488-BFAE-FF5E3138D08A}.Release|x86.ActiveCfg = Release|Any CPU
		{EA5981E8-1EED-4488-BFAE-FF5E3138D08A}.Release|x86.Build.0 = Release|Any CPU
		{7488B194-699A-4C78-9C72-E566DD1E40F0}.Debug|Any CPU.ActiveCfg = Debug|Any CPU
		{7488B194-699A-4C78-9C72-E566DD1E40F0}.Debug|Any CPU.Build.0 = Debug|Any CPU
		{7488B194-699A-4C78-9C72-E566DD1E40F0}.Debug|x64.ActiveCfg = Debug|Any CPU
		{7488B194-699A-4C78-9C72-E566DD1E40F0}.Debug|x64.Build.0 = Debug|Any CPU
		{7488B194-699A-4C78-9C72-E566DD1E40F0}.Debug|x86.ActiveCfg = Debug|Any CPU
		{7488B194-699A-4C78-9C72-E566DD1E40F0}.Debug|x86.Build.0 = Debug|Any CPU
		{7488B194-699A-4C78-9C72-E566DD1E40F0}.Release|Any CPU.ActiveCfg = Release|Any CPU
		{7488B194-699A-4C78-9C72-E566DD1E40F0}.Release|Any CPU.Build.0 = Release|Any CPU
		{7488B194-699A-4C78-9C72-E566DD1E40F0}.Release|x64.ActiveCfg = Release|Any CPU
		{7488B194-699A-4C78-9C72-E566DD1E40F0}.Release|x64.Build.0 = Release|Any CPU
		{7488B194-699A-4C78-9C72-E566DD1E40F0}.Release|x86.ActiveCfg = Release|Any CPU
		{7488B194-699A-4C78-9C72-E566DD1E40F0}.Release|x86.Build.0 = Release|Any CPU
		{D9E19F97-247E-46FE-9895-5907AC2C5598}.Debug|Any CPU.ActiveCfg = Debug|Any CPU
		{D9E19F97-247E-46FE-9895-5907AC2C5598}.Debug|Any CPU.Build.0 = Debug|Any CPU
		{D9E19F97-247E-46FE-9895-5907AC2C5598}.Debug|x64.ActiveCfg = Debug|Any CPU
		{D9E19F97-247E-46FE-9895-5907AC2C5598}.Debug|x64.Build.0 = Debug|Any CPU
		{D9E19F97-247E-46FE-9895-5907AC2C5598}.Debug|x86.ActiveCfg = Debug|Any CPU
		{D9E19F97-247E-46FE-9895-5907AC2C5598}.Debug|x86.Build.0 = Debug|Any CPU
		{D9E19F97-247E-46FE-9895-5907AC2C5598}.Release|Any CPU.ActiveCfg = Release|Any CPU
		{D9E19F97-247E-46FE-9895-5907AC2C5598}.Release|Any CPU.Build.0 = Release|Any CPU
		{D9E19F97-247E-46FE-9895-5907AC2C5598}.Release|x64.ActiveCfg = Release|Any CPU
		{D9E19F97-247E-46FE-9895-5907AC2C5598}.Release|x64.Build.0 = Release|Any CPU
		{D9E19F97-247E-46FE-9895-5907AC2C5598}.Release|x86.ActiveCfg = Release|Any CPU
		{D9E19F97-247E-46FE-9895-5907AC2C5598}.Release|x86.Build.0 = Release|Any CPU
		{5B7B46A3-E1D0-463F-A6D8-101782EFE8C5}.Debug|Any CPU.ActiveCfg = Debug|Any CPU
		{5B7B46A3-E1D0-463F-A6D8-101782EFE8C5}.Debug|Any CPU.Build.0 = Debug|Any CPU
		{5B7B46A3-E1D0-463F-A6D8-101782EFE8C5}.Debug|x64.ActiveCfg = Debug|Any CPU
		{5B7B46A3-E1D0-463F-A6D8-101782EFE8C5}.Debug|x64.Build.0 = Debug|Any CPU
		{5B7B46A3-E1D0-463F-A6D8-101782EFE8C5}.Debug|x86.ActiveCfg = Debug|Any CPU
		{5B7B46A3-E1D0-463F-A6D8-101782EFE8C5}.Debug|x86.Build.0 = Debug|Any CPU
		{5B7B46A3-E1D0-463F-A6D8-101782EFE8C5}.Release|Any CPU.ActiveCfg = Release|Any CPU
		{5B7B46A3-E1D0-463F-A6D8-101782EFE8C5}.Release|Any CPU.Build.0 = Release|Any CPU
		{5B7B46A3-E1D0-463F-A6D8-101782EFE8C5}.Release|x64.ActiveCfg = Release|Any CPU
		{5B7B46A3-E1D0-463F-A6D8-101782EFE8C5}.Release|x64.Build.0 = Release|Any CPU
		{5B7B46A3-E1D0-463F-A6D8-101782EFE8C5}.Release|x86.ActiveCfg = Release|Any CPU
		{5B7B46A3-E1D0-463F-A6D8-101782EFE8C5}.Release|x86.Build.0 = Release|Any CPU
	EndGlobalSection
	GlobalSection(NestedProjects) = preSolution
		{EA5981E8-1EED-4488-BFAE-FF5E3138D08A} = {E03874EE-CCAF-4457-AE80-9A9D700CC24A}
		{D9E19F97-247E-46FE-9895-5907AC2C5598} = {E03874EE-CCAF-4457-AE80-9A9D700CC24A}
		{5B7B46A3-E1D0-463F-A6D8-101782EFE8C5} = {DF0C65AE-2C78-4472-B98B-EA7B0CF70636}
		{7488B194-699A-4C78-9C72-E566DD1E40F0} = {DF0C65AE-2C78-4472-B98B-EA7B0CF70636}
	EndGlobalSection
EndGlobal
